{
  "name": "scheduler-pro-platform",
  "version": "0.1.0-alpha.1",
  "lockfileVersion": 3,
  "requires": true,
  "packages": {
    "": {
      "name": "scheduler-pro-platform",
      "version": "0.1.0-alpha.1",
      "workspaces": [
        "apps/web",
        "apps/admin",
        "apps/desktop",
        "apps/mobile",
        "packages/api-client",
        "packages/types"
      ],
      "engines": {
        "node": ">=22"
      }
    }
  }
}
